// !$*UTF8*$!
{
	archiveVersion = 1;
	classes = {
	};
	objectVersion = 48;
	objects = {

/* Begin PBXBuildFile section */
		A7234D212027644B00C52E6D /* UIViewController+Helpers.swift in Sources */ = {isa = PBXBuildFile; fileRef = A7234D202027644B00C52E6D /* UIViewController+Helpers.swift */; };
		A7234D232027654F00C52E6D /* CreateTaskController.swift in Sources */ = {isa = PBXBuildFile; fileRef = A7234D222027654F00C52E6D /* CreateTaskController.swift */; };
		A734494C2019308C00C467F5 /* CategoriesController+CreateCategory.swift in Sources */ = {isa = PBXBuildFile; fileRef = A734494B2019308C00C467F5 /* CategoriesController+CreateCategory.swift */; };
		A734494E201931AB00C467F5 /* CategoriesController+UITableView.swift in Sources */ = {isa = PBXBuildFile; fileRef = A734494D201931AB00C467F5 /* CategoriesController+UITableView.swift */; };
		A74C926F200BDB770076553D /* CoreDataManager.swift in Sources */ = {isa = PBXBuildFile; fileRef = A74C926E200BDB770076553D /* CoreDataManager.swift */; };
		A762B19320193A0B008D9FDC /* CategoriesController+HandlerFunctions.swift in Sources */ = {isa = PBXBuildFile; fileRef = A762B19220193A0B008D9FDC /* CategoriesController+HandlerFunctions.swift */; };
		A766EF272026315D00FE0B50 /* TaskController.swift in Sources */ = {isa = PBXBuildFile; fileRef = A766EF262026315D00FE0B50 /* TaskController.swift */; };
		A76D8C391FC45B7B00B8613A /* AppDelegate.swift in Sources */ = {isa = PBXBuildFile; fileRef = A76D8C381FC45B7B00B8613A /* AppDelegate.swift */; };
		A76D8C3E1FC45B7B00B8613A /* Main.storyboard in Resources */ = {isa = PBXBuildFile; fileRef = A76D8C3C1FC45B7B00B8613A /* Main.storyboard */; };
		A76D8C401FC45B7B00B8613A /* Assets.xcassets in Resources */ = {isa = PBXBuildFile; fileRef = A76D8C3F1FC45B7B00B8613A /* Assets.xcassets */; };
		A76D8C431FC45B7B00B8613A /* LaunchScreen.storyboard in Resources */ = {isa = PBXBuildFile; fileRef = A76D8C411FC45B7B00B8613A /* LaunchScreen.storyboard */; };
		A76D8C4B1FC45C9200B8613A /* CategoriesController.swift in Sources */ = {isa = PBXBuildFile; fileRef = A76D8C4A1FC45C9200B8613A /* CategoriesController.swift */; };
		A76D8C511FC4724E00B8613A /* UIColor+theme.swift in Sources */ = {isa = PBXBuildFile; fileRef = A76D8C501FC4724E00B8613A /* UIColor+theme.swift */; };
		A76D8C571FC4C59100B8613A /* Category.swift in Sources */ = {isa = PBXBuildFile; fileRef = A76D8C561FC4C59100B8613A /* Category.swift */; };
		A76D8C591FC4C9B400B8613A /* CreateCategoryController.swift in Sources */ = {isa = PBXBuildFile; fileRef = A76D8C581FC4C9B400B8613A /* CreateCategoryController.swift */; };
		A7B396D0200BC15F00BADC26 /* NotePalModels.xcdatamodeld in Sources */ = {isa = PBXBuildFile; fileRef = A7B396CE200BC15F00BADC26 /* NotePalModels.xcdatamodeld */; };
/* End PBXBuildFile section */

/* Begin PBXFileReference section */
		A7234D202027644B00C52E6D /* UIViewController+Helpers.swift */ = {isa = PBXFileReference; lastKnownFileType = sourcecode.swift; path = "UIViewController+Helpers.swift"; sourceTree = "<group>"; };
		A7234D222027654F00C52E6D /* CreateTaskController.swift */ = {isa = PBXFileReference; lastKnownFileType = sourcecode.swift; path = CreateTaskController.swift; sourceTree = "<group>"; };
		A734494B2019308C00C467F5 /* CategoriesController+CreateCategory.swift */ = {isa = PBXFileReference; lastKnownFileType = sourcecode.swift; path = "CategoriesController+CreateCategory.swift"; sourceTree = "<group>"; };
		A734494D201931AB00C467F5 /* CategoriesController+UITableView.swift */ = {isa = PBXFileReference; lastKnownFileType = sourcecode.swift; path = "CategoriesController+UITableView.swift"; sourceTree = "<group>"; };
		A74C926E200BDB770076553D /* CoreDataManager.swift */ = {isa = PBXFileReference; lastKnownFileType = sourcecode.swift; path = CoreDataManager.swift; sourceTree = "<group>"; };
		A762B19220193A0B008D9FDC /* CategoriesController+HandlerFunctions.swift */ = {isa = PBXFileReference; lastKnownFileType = sourcecode.swift; path = "CategoriesController+HandlerFunctions.swift"; sourceTree = "<group>"; };
		A766EF262026315D00FE0B50 /* TaskController.swift */ = {isa = PBXFileReference; lastKnownFileType = sourcecode.swift; path = TaskController.swift; sourceTree = "<group>"; };
		A76D8C351FC45B7B00B8613A /* Note Pal.app */ = {isa = PBXFileReference; explicitFileType = wrapper.application; includeInIndex = 0; path = "Note Pal.app"; sourceTree = BUILT_PRODUCTS_DIR; };
		A76D8C381FC45B7B00B8613A /* AppDelegate.swift */ = {isa = PBXFileReference; lastKnownFileType = sourcecode.swift; path = AppDelegate.swift; sourceTree = "<group>"; };
		A76D8C3D1FC45B7B00B8613A /* Base */ = {isa = PBXFileReference; lastKnownFileType = file.storyboard; name = Base; path = Base.lproj/Main.storyboard; sourceTree = "<group>"; };
		A76D8C3F1FC45B7B00B8613A /* Assets.xcassets */ = {isa = PBXFileReference; lastKnownFileType = folder.assetcatalog; path = Assets.xcassets; sourceTree = "<group>"; };
		A76D8C421FC45B7B00B8613A /* Base */ = {isa = PBXFileReference; lastKnownFileType = file.storyboard; name = Base; path = Base.lproj/LaunchScreen.storyboard; sourceTree = "<group>"; };
		A76D8C441FC45B7B00B8613A /* Info.plist */ = {isa = PBXFileReference; lastKnownFileType = text.plist.xml; path = Info.plist; sourceTree = "<group>"; };
		A76D8C4A1FC45C9200B8613A /* CategoriesController.swift */ = {isa = PBXFileReference; lastKnownFileType = sourcecode.swift; path = CategoriesController.swift; sourceTree = "<group>"; };
		A76D8C501FC4724E00B8613A /* UIColor+theme.swift */ = {isa = PBXFileReference; lastKnownFileType = sourcecode.swift; path = "UIColor+theme.swift"; sourceTree = "<group>"; };
		A76D8C561FC4C59100B8613A /* Category.swift */ = {isa = PBXFileReference; lastKnownFileType = sourcecode.swift; path = Category.swift; sourceTree = "<group>"; };
		A76D8C581FC4C9B400B8613A /* CreateCategoryController.swift */ = {isa = PBXFileReference; lastKnownFileType = sourcecode.swift; path = CreateCategoryController.swift; sourceTree = "<group>"; };
		A7B396CF200BC15F00BADC26 /* NotePalModels.xcdatamodel */ = {isa = PBXFileReference; lastKnownFileType = wrapper.xcdatamodel; path = NotePalModels.xcdatamodel; sourceTree = "<group>"; };
/* End PBXFileReference section */

/* Begin PBXFrameworksBuildPhase section */
		A76D8C321FC45B7B00B8613A /* Frameworks */ = {
			isa = PBXFrameworksBuildPhase;
			buildActionMask = 2147483647;
			files = (
			);
			runOnlyForDeploymentPostprocessing = 0;
		};
/* End PBXFrameworksBuildPhase section */

/* Begin PBXGroup section */
		A7234D1F2027642F00C52E6D /* Helpers */ = {
			isa = PBXGroup;
			children = (
				A7234D202027644B00C52E6D /* UIViewController+Helpers.swift */,
			);
			path = Helpers;
			sourceTree = "<group>";
		};
		A76D8C2C1FC45B7B00B8613A = {
			isa = PBXGroup;
			children = (
				A76D8C371FC45B7B00B8613A /* Note Pal */,
				A76D8C361FC45B7B00B8613A /* Products */,
			);
			sourceTree = "<group>";
		};
		A76D8C361FC45B7B00B8613A /* Products */ = {
			isa = PBXGroup;
			children = (
				A76D8C351FC45B7B00B8613A /* Note Pal.app */,
			);
			name = Products;
			sourceTree = "<group>";
		};
		A76D8C371FC45B7B00B8613A /* Note Pal */ = {
			isa = PBXGroup;
			children = (
				A7234D1F2027642F00C52E6D /* Helpers */,
				A76D8C4E1FC45D7400B8613A /* Controller */,
				A76D8C4D1FC45D6F00B8613A /* View */,
				A76D8C4C1FC45D6900B8613A /* Model */,
				A76D8C4F1FC4722C00B8613A /* Supporting Files */,
				A76D8C411FC45B7B00B8613A /* LaunchScreen.storyboard */,
				A76D8C3F1FC45B7B00B8613A /* Assets.xcassets */,
				A76D8C441FC45B7B00B8613A /* Info.plist */,
			);
			path = "Note Pal";
			sourceTree = "<group>";
		};
		A76D8C4C1FC45D6900B8613A /* Model */ = {
			isa = PBXGroup;
			children = (
				A76D8C561FC4C59100B8613A /* Category.swift */,
			);
			path = Model;
			sourceTree = "<group>";
		};
		A76D8C4D1FC45D6F00B8613A /* View */ = {
			isa = PBXGroup;
			children = (
				A76D8C3C1FC45B7B00B8613A /* Main.storyboard */,
			);
			path = View;
			sourceTree = "<group>";
		};
		A76D8C4E1FC45D7400B8613A /* Controller */ = {
			isa = PBXGroup;
			children = (
				A76D8C381FC45B7B00B8613A /* AppDelegate.swift */,
				A76D8C4A1FC45C9200B8613A /* CategoriesController.swift */,
				A766EF262026315D00FE0B50 /* TaskController.swift */,
				A76D8C581FC4C9B400B8613A /* CreateCategoryController.swift */,
				A7234D222027654F00C52E6D /* CreateTaskController.swift */,
			);
			path = Controller;
			sourceTree = "<group>";
		};
		A76D8C4F1FC4722C00B8613A /* Supporting Files */ = {
			isa = PBXGroup;
			children = (
				A76D8C501FC4724E00B8613A /* UIColor+theme.swift */,
				A74C926E200BDB770076553D /* CoreDataManager.swift */,
				A734494D201931AB00C467F5 /* CategoriesController+UITableView.swift */,
				A734494B2019308C00C467F5 /* CategoriesController+CreateCategory.swift */,
				A762B19220193A0B008D9FDC /* CategoriesController+HandlerFunctions.swift */,
				A7B396CE200BC15F00BADC26 /* NotePalModels.xcdatamodeld */,
			);
			path = "Supporting Files";
			sourceTree = "<group>";
		};
/* End PBXGroup section */

/* Begin PBXNativeTarget section */
		A76D8C341FC45B7B00B8613A /* Note Pal */ = {
			isa = PBXNativeTarget;
			buildConfigurationList = A76D8C471FC45B7B00B8613A /* Build configuration list for PBXNativeTarget "Note Pal" */;
			buildPhases = (
				A76D8C311FC45B7B00B8613A /* Sources */,
				A76D8C321FC45B7B00B8613A /* Frameworks */,
				A76D8C331FC45B7B00B8613A /* Resources */,
			);
			buildRules = (
			);
			dependencies = (
			);
			name = "Note Pal";
			productName = "Note Pal";
			productReference = A76D8C351FC45B7B00B8613A /* Note Pal.app */;
			productType = "com.apple.product-type.application";
		};
/* End PBXNativeTarget section */

/* Begin PBXProject section */
		A76D8C2D1FC45B7B00B8613A /* Project object */ = {
			isa = PBXProject;
			attributes = {
				LastSwiftUpdateCheck = 0910;
				LastUpgradeCheck = 0910;
				ORGANIZATIONNAME = Darragh;
				TargetAttributes = {
					A76D8C341FC45B7B00B8613A = {
						CreatedOnToolsVersion = 9.1;
						ProvisioningStyle = Automatic;
					};
				};
			};
			buildConfigurationList = A76D8C301FC45B7B00B8613A /* Build configuration list for PBXProject "Note Pal" */;
			compatibilityVersion = "Xcode 8.0";
			developmentRegion = en;
			hasScannedForEncodings = 0;
			knownRegions = (
				en,
				Base,
			);
			mainGroup = A76D8C2C1FC45B7B00B8613A;
			productRefGroup = A76D8C361FC45B7B00B8613A /* Products */;
			projectDirPath = "";
			projectRoot = "";
			targets = (
				A76D8C341FC45B7B00B8613A /* Note Pal */,
			);
		};
/* End PBXProject section */

/* Begin PBXResourcesBuildPhase section */
		A76D8C331FC45B7B00B8613A /* Resources */ = {
			isa = PBXResourcesBuildPhase;
			buildActionMask = 2147483647;
			files = (
				A76D8C431FC45B7B00B8613A /* LaunchScreen.storyboard in Resources */,
				A76D8C401FC45B7B00B8613A /* Assets.xcassets in Resources */,
				A76D8C3E1FC45B7B00B8613A /* Main.storyboard in Resources */,
			);
			runOnlyForDeploymentPostprocessing = 0;
		};
/* End PBXResourcesBuildPhase section */

/* Begin PBXSourcesBuildPhase section */
		A76D8C311FC45B7B00B8613A /* Sources */ = {
			isa = PBXSourcesBuildPhase;
			buildActionMask = 2147483647;
			files = (
				A76D8C511FC4724E00B8613A /* UIColor+theme.swift in Sources */,
				A76D8C391FC45B7B00B8613A /* AppDelegate.swift in Sources */,
				A7234D232027654F00C52E6D /* CreateTaskController.swift in Sources */,
				A762B19320193A0B008D9FDC /* CategoriesController+HandlerFunctions.swift in Sources */,
				A76D8C4B1FC45C9200B8613A /* CategoriesController.swift in Sources */,
				A7234D212027644B00C52E6D /* UIViewController+Helpers.swift in Sources */,
				A734494C2019308C00C467F5 /* CategoriesController+CreateCategory.swift in Sources */,
				A76D8C591FC4C9B400B8613A /* CreateCategoryController.swift in Sources */,
				A76D8C571FC4C59100B8613A /* Category.swift in Sources */,
				A766EF272026315D00FE0B50 /* TaskController.swift in Sources */,
				A734494E201931AB00C467F5 /* CategoriesController+UITableView.swift in Sources */,
				A74C926F200BDB770076553D /* CoreDataManager.swift in Sources */,
				A7B396D0200BC15F00BADC26 /* NotePalModels.xcdatamodeld in Sources */,
			);
			runOnlyForDeploymentPostprocessing = 0;
		};
/* End PBXSourcesBuildPhase section */

/* Begin PBXVariantGroup section */
		A76D8C3C1FC45B7B00B8613A /* Main.storyboard */ = {
			isa = PBXVariantGroup;
			children = (
				A76D8C3D1FC45B7B00B8613A /* Base */,
			);
			name = Main.storyboard;
			sourceTree = "<group>";
		};
		A76D8C411FC45B7B00B8613A /* LaunchScreen.storyboard */ = {
			isa = PBXVariantGroup;
			children = (
				A76D8C421FC45B7B00B8613A /* Base */,
			);
			name = LaunchScreen.storyboard;
			sourceTree = "<group>";
		};
/* End PBXVariantGroup section */

/* Begin XCBuildConfiguration section */
		A76D8C451FC45B7B00B8613A /* Debug */ = {
			isa = XCBuildConfiguration;
			buildSettings = {
				ALWAYS_SEARCH_USER_PATHS = NO;
				CLANG_ANALYZER_NONNULL = YES;
				CLANG_ANALYZER_NUMBER_OBJECT_CONVERSION = YES_AGGRESSIVE;
				CLANG_CXX_LANGUAGE_STANDARD = "gnu++14";
				CLANG_CXX_LIBRARY = "libc++";
				CLANG_ENABLE_MODULES = YES;
				CLANG_ENABLE_OBJC_ARC = YES;
				CLANG_WARN_BLOCK_CAPTURE_AUTORELEASING = YES;
				CLANG_WARN_BOOL_CONVERSION = YES;
				CLANG_WARN_COMMA = YES;
				CLANG_WARN_CONSTANT_CONVERSION = YES;
				CLANG_WARN_DIRECT_OBJC_ISA_USAGE = YES_ERROR;
				CLANG_WARN_DOCUMENTATION_COMMENTS = YES;
				CLANG_WARN_EMPTY_BODY = YES;
				CLANG_WARN_ENUM_CONVERSION = YES;
				CLANG_WARN_INFINITE_RECURSION = YES;
				CLANG_WARN_INT_CONVERSION = YES;
				CLANG_WARN_NON_LITERAL_NULL_CONVERSION = YES;
				CLANG_WARN_OBJC_LITERAL_CONVERSION = YES;
				CLANG_WARN_OBJC_ROOT_CLASS = YES_ERROR;
				CLANG_WARN_RANGE_LOOP_ANALYSIS = YES;
				CLANG_WARN_STRICT_PROTOTYPES = YES;
				CLANG_WARN_SUSPICIOUS_MOVE = YES;
				CLANG_WARN_UNGUARDED_AVAILABILITY = YES_AGGRESSIVE;
				CLANG_WARN_UNREACHABLE_CODE = YES;
				CLANG_WARN__DUPLICATE_METHOD_MATCH = YES;
				CODE_SIGN_IDENTITY = "iPhone Developer";
				COPY_PHASE_STRIP = NO;
				DEBUG_INFORMATION_FORMAT = dwarf;
				ENABLE_STRICT_OBJC_MSGSEND = YES;
				ENABLE_TESTABILITY = YES;
				GCC_C_LANGUAGE_STANDARD = gnu11;
				GCC_DYNAMIC_NO_PIC = NO;
				GCC_NO_COMMON_BLOCKS = YES;
				GCC_OPTIMIZATION_LEVEL = 0;
				GCC_PREPROCESSOR_DEFINITIONS = (
					"DEBUG=1",
					"$(inherited)",
				);
				GCC_WARN_64_TO_32_BIT_CONVERSION = YES;
				GCC_WARN_ABOUT_RETURN_TYPE = YES_ERROR;
				GCC_WARN_UNDECLARED_SELECTOR = YES;
				GCC_WARN_UNINITIALIZED_AUTOS = YES_AGGRESSIVE;
				GCC_WARN_UNUSED_FUNCTION = YES;
				GCC_WARN_UNUSED_VARIABLE = YES;
				IPHONEOS_DEPLOYMENT_TARGET = 11.1;
				MTL_ENABLE_DEBUG_INFO = YES;
				ONLY_ACTIVE_ARCH = YES;
				SDKROOT = iphoneos;
				SWIFT_ACTIVE_COMPILATION_CONDITIONS = DEBUG;
				SWIFT_OPTIMIZATION_LEVEL = "-Onone";
			};
			name = Debug;
		};
		A76D8C461FC45B7B00B8613A /* Release */ = {
			isa = XCBuildConfiguration;
			buildSettings = {
				ALWAYS_SEARCH_USER_PATHS = NO;
				CLANG_ANALYZER_NONNULL = YES;
				CLANG_ANALYZER_NUMBER_OBJECT_CONVERSION = YES_AGGRESSIVE;
				CLANG_CXX_LANGUAGE_STANDARD = "gnu++14";
				CLANG_CXX_LIBRARY = "libc++";
				CLANG_ENABLE_MODULES = YES;
				CLANG_ENABLE_OBJC_ARC = YES;
				CLANG_WARN_BLOCK_CAPTURE_AUTORELEASING = YES;
				CLANG_WARN_BOOL_CONVERSION = YES;
				CLANG_WARN_COMMA = YES;
				CLANG_WARN_CONSTANT_CONVERSION = YES;
				CLANG_WARN_DIRECT_OBJC_ISA_USAGE = YES_ERROR;
				CLANG_WARN_DOCUMENTATION_COMMENTS = YES;
				CLANG_WARN_EMPTY_BODY = YES;
				CLANG_WARN_ENUM_CONVERSION = YES;
				CLANG_WARN_INFINITE_RECURSION = YES;
				CLANG_WARN_INT_CONVERSION = YES;
				CLANG_WARN_NON_LITERAL_NULL_CONVERSION = YES;
				CLANG_WARN_OBJC_LITERAL_CONVERSION = YES;
				CLANG_WARN_OBJC_ROOT_CLASS = YES_ERROR;
				CLANG_WARN_RANGE_LOOP_ANALYSIS = YES;
				CLANG_WARN_STRICT_PROTOTYPES = YES;
				CLANG_WARN_SUSPICIOUS_MOVE = YES;
				CLANG_WARN_UNGUARDED_AVAILABILITY = YES_AGGRESSIVE;
				CLANG_WARN_UNREACHABLE_CODE = YES;
				CLANG_WARN__DUPLICATE_METHOD_MATCH = YES;
				CODE_SIGN_IDENTITY = "iPhone Developer";
				COPY_PHASE_STRIP = NO;
				DEBUG_INFORMATION_FORMAT = "dwarf-with-dsym";
				ENABLE_NS_ASSERTIONS = NO;
				ENABLE_STRICT_OBJC_MSGSEND = YES;
				GCC_C_LANGUAGE_STANDARD = gnu11;
				GCC_NO_COMMON_BLOCKS = YES;
				GCC_WARN_64_TO_32_BIT_CONVERSION = YES;
				GCC_WARN_ABOUT_RETURN_TYPE = YES_ERROR;
				GCC_WARN_UNDECLARED_SELECTOR = YES;
				GCC_WARN_UNINITIALIZED_AUTOS = YES_AGGRESSIVE;
				GCC_WARN_UNUSED_FUNCTION = YES;
				GCC_WARN_UNUSED_VARIABLE = YES;
				IPHONEOS_DEPLOYMENT_TARGET = 11.1;
				MTL_ENABLE_DEBUG_INFO = NO;
				SDKROOT = iphoneos;
				SWIFT_OPTIMIZATION_LEVEL = "-Owholemodule";
				VALIDATE_PRODUCT = YES;
			};
			name = Release;
		};
		A76D8C481FC45B7B00B8613A /* Debug */ = {
			isa = XCBuildConfiguration;
			buildSettings = {
				ASSETCATALOG_COMPILER_APPICON_NAME = AppIcon;
				CODE_SIGN_STYLE = Automatic;
				DEVELOPMENT_TEAM = 94Y8WE4GTP;
				INFOPLIST_FILE = "Note Pal/Info.plist";
				LD_RUNPATH_SEARCH_PATHS = "$(inherited) @executable_path/Frameworks";
				PRODUCT_BUNDLE_IDENTIFIER = "com.DarraghBlake.Note-Pal";
				PRODUCT_NAME = "$(TARGET_NAME)";
				SWIFT_VERSION = 4.0;
				TARGETED_DEVICE_FAMILY = "1,2";
			};
			name = Debug;
		};
		A76D8C491FC45B7B00B8613A /* Release */ = {
			isa = XCBuildConfiguration;
			buildSettings = {
				ASSETCATALOG_COMPILER_APPICON_NAME = AppIcon;
				CODE_SIGN_STYLE = Automatic;
				DEVELOPMENT_TEAM = 94Y8WE4GTP;
				INFOPLIST_FILE = "Note Pal/Info.plist";
				LD_RUNPATH_SEARCH_PATHS = "$(inherited) @executable_path/Frameworks";
				PRODUCT_BUNDLE_IDENTIFIER = "com.DarraghBlake.Note-Pal";
				PRODUCT_NAME = "$(TARGET_NAME)";
				SWIFT_VERSION = 4.0;
				TARGETED_DEVICE_FAMILY = "1,2";
			};
			name = Release;
		};
/* End XCBuildConfiguration section */

/* Begin XCConfigurationList section */
		A76D8C301FC45B7B00B8613A /* Build configuration list for PBXProject "Note Pal" */ = {
			isa = XCConfigurationList;
			buildConfigurations = (
				A76D8C451FC45B7B00B8613A /* Debug */,
				A76D8C461FC45B7B00B8613A /* Release */,
			);
			defaultConfigurationIsVisible = 0;
			defaultConfigurationName = Release;
		};
		A76D8C471FC45B7B00B8613A /* Build configuration list for PBXNativeTarget "Note Pal" */ = {
			isa = XCConfigurationList;
			buildConfigurations = (
				A76D8C481FC45B7B00B8613A /* Debug */,
				A76D8C491FC45B7B00B8613A /* Release */,
			);
			defaultConfigurationIsVisible = 0;
			defaultConfigurationName = Release;
		};
/* End XCConfigurationList section */

/* Begin XCVersionGroup section */
		A7B396CE200BC15F00BADC26 /* NotePalModels.xcdatamodeld */ = {
			isa = XCVersionGroup;
			children = (
				A7B396CF200BC15F00BADC26 /* NotePalModels.xcdatamodel */,
			);
			currentVersion = A7B396CF200BC15F00BADC26 /* NotePalModels.xcdatamodel */;
			path = NotePalModels.xcdatamodeld;
			sourceTree = "<group>";
			versionGroupType = wrapper.xcdatamodel;
		};
/* End XCVersionGroup section */
	};
	rootObject = A76D8C2D1FC45B7B00B8613A /* Project object */;
}
